// !$*UTF8*$!
{
	archiveVersion = 1;
	classes = {
	};
	objectVersion = 46;
	objects = {

/* Begin PBXBuildFile section */
		171E0C7E1B8E5B84001E6242 /* AppDelegate.swift in Sources */ = {isa = PBXBuildFile; fileRef = 171E0C7D1B8E5B84001E6242 /* AppDelegate.swift */; };
		171E0C801B8E5B84001E6242 /* MasterViewController.swift in Sources */ = {isa = PBXBuildFile; fileRef = 171E0C7F1B8E5B84001E6242 /* MasterViewController.swift */; };
		171E0C821B8E5B84001E6242 /* DetailViewController.swift in Sources */ = {isa = PBXBuildFile; fileRef = 171E0C811B8E5B84001E6242 /* DetailViewController.swift */; };
		171E0C851B8E5B84001E6242 /* Main.storyboard in Resources */ = {isa = PBXBuildFile; fileRef = 171E0C831B8E5B84001E6242 /* Main.storyboard */; };
		171E0C871B8E5B84001E6242 /* Assets.xcassets in Resources */ = {isa = PBXBuildFile; fileRef = 171E0C861B8E5B84001E6242 /* Assets.xcassets */; };
		171E0C8A1B8E5B84001E6242 /* LaunchScreen.storyboard in Resources */ = {isa = PBXBuildFile; fileRef = 171E0C881B8E5B84001E6242 /* LaunchScreen.storyboard */; };
		171E0CAE1B8E5C58001E6242 /* Candy.swift in Sources */ = {isa = PBXBuildFile; fileRef = 171E0CAD1B8E5C58001E6242 /* Candy.swift */; };
		429BFC6A3BCCCD606C2BEC0E /* Pods_StockWatcher.framework in Frameworks */ = {isa = PBXBuildFile; fileRef = DD7D4F9CB0997D575D059F80 /* Pods_StockWatcher.framework */; };
		452C6F7B1E9BDA75003A4C50 /* SearchFooter.swift in Sources */ = {isa = PBXBuildFile; fileRef = 452C6F7A1E9BDA75003A4C50 /* SearchFooter.swift */; };
		45D31C6F1EB28E8F000A3BE1 /* CandyTheme.swift in Sources */ = {isa = PBXBuildFile; fileRef = 45D31C6E1EB28E8F000A3BE1 /* CandyTheme.swift */; };
		D627599421F9992800E8A527 /* MonitorViewController.swift in Sources */ = {isa = PBXBuildFile; fileRef = D627599321F9992800E8A527 /* MonitorViewController.swift */; };
		D63F32EB2206CDEE00B719AA /* WatchlistPresenter.swift in Sources */ = {isa = PBXBuildFile; fileRef = D63F32EA2206CDEE00B719AA /* WatchlistPresenter.swift */; };
		D66349C122071F1B009EF321 /* PortfolioPresenter.swift in Sources */ = {isa = PBXBuildFile; fileRef = D66349C022071F1B009EF321 /* PortfolioPresenter.swift */; };
		D66349C322072127009EF321 /* Portfolio.swift in Sources */ = {isa = PBXBuildFile; fileRef = D66349C222072127009EF321 /* Portfolio.swift */; };
		D683DBA121F84C0A0091B4ED /* XStockDBModel.xcdatamodeld in Sources */ = {isa = PBXBuildFile; fileRef = D683DB9F21F84C0A0091B4ED /* XStockDBModel.xcdatamodeld */; };
		D6BDDBD9221195A600D324BF /* UtilityHelper.swift in Sources */ = {isa = PBXBuildFile; fileRef = D6BDDBD8221195A600D324BF /* UtilityHelper.swift */; };
		D6C64D85220847CB00FDB013 /* PortfolioViewController.swift in Sources */ = {isa = PBXBuildFile; fileRef = D6C64D84220847CB00FDB013 /* PortfolioViewController.swift */; };
		D6D1518622157ED000D9EFC3 /* CognitoConfig.plist in Resources */ = {isa = PBXBuildFile; fileRef = D6D1518522157ED000D9EFC3 /* CognitoConfig.plist */; };
		D6DB35D42214302100B67072 /* LoginViewController.swift in Sources */ = {isa = PBXBuildFile; fileRef = D6DB35D32214302100B67072 /* LoginViewController.swift */; };
		D6DB35D622143E0700B67072 /* UserAccess.swift in Sources */ = {isa = PBXBuildFile; fileRef = D6DB35D522143E0700B67072 /* UserAccess.swift */; };
/* End PBXBuildFile section */

/* Begin PBXFileReference section */
		171E0C7A1B8E5B84001E6242 /* StockWatcher.app */ = {isa = PBXFileReference; explicitFileType = wrapper.application; includeInIndex = 0; path = StockWatcher.app; sourceTree = BUILT_PRODUCTS_DIR; };
		171E0C7D1B8E5B84001E6242 /* AppDelegate.swift */ = {isa = PBXFileReference; lastKnownFileType = sourcecode.swift; path = AppDelegate.swift; sourceTree = "<group>"; };
		171E0C7F1B8E5B84001E6242 /* MasterViewController.swift */ = {isa = PBXFileReference; lastKnownFileType = sourcecode.swift; path = MasterViewController.swift; sourceTree = "<group>"; };
		171E0C811B8E5B84001E6242 /* DetailViewController.swift */ = {isa = PBXFileReference; lastKnownFileType = sourcecode.swift; path = DetailViewController.swift; sourceTree = "<group>"; };
		171E0C841B8E5B84001E6242 /* Base */ = {isa = PBXFileReference; lastKnownFileType = file.storyboard; name = Base; path = Base.lproj/Main.storyboard; sourceTree = "<group>"; };
		171E0C861B8E5B84001E6242 /* Assets.xcassets */ = {isa = PBXFileReference; lastKnownFileType = folder.assetcatalog; path = Assets.xcassets; sourceTree = "<group>"; };
		171E0C891B8E5B84001E6242 /* Base */ = {isa = PBXFileReference; lastKnownFileType = file.storyboard; name = Base; path = Base.lproj/LaunchScreen.storyboard; sourceTree = "<group>"; };
		171E0C8B1B8E5B84001E6242 /* Info.plist */ = {isa = PBXFileReference; lastKnownFileType = text.plist.xml; path = Info.plist; sourceTree = "<group>"; };
		171E0CAD1B8E5C58001E6242 /* Candy.swift */ = {isa = PBXFileReference; fileEncoding = 4; lastKnownFileType = sourcecode.swift; path = Candy.swift; sourceTree = "<group>"; };
		452C6F7A1E9BDA75003A4C50 /* SearchFooter.swift */ = {isa = PBXFileReference; fileEncoding = 4; lastKnownFileType = sourcecode.swift; path = SearchFooter.swift; sourceTree = "<group>"; };
		45D31C6E1EB28E8F000A3BE1 /* CandyTheme.swift */ = {isa = PBXFileReference; fileEncoding = 4; lastKnownFileType = sourcecode.swift; path = CandyTheme.swift; sourceTree = "<group>"; };
		93078F7B47F96F477AA8E81C /* Pods-StockWatcher.debug.xcconfig */ = {isa = PBXFileReference; includeInIndex = 1; lastKnownFileType = text.xcconfig; name = "Pods-StockWatcher.debug.xcconfig"; path = "Pods/Target Support Files/Pods-StockWatcher/Pods-StockWatcher.debug.xcconfig"; sourceTree = "<group>"; };
		B7C839FAB9C452EDFEB51F15 /* Pods-StockWatcher.release.xcconfig */ = {isa = PBXFileReference; includeInIndex = 1; lastKnownFileType = text.xcconfig; name = "Pods-StockWatcher.release.xcconfig"; path = "Pods/Target Support Files/Pods-StockWatcher/Pods-StockWatcher.release.xcconfig"; sourceTree = "<group>"; };
		D627599321F9992800E8A527 /* MonitorViewController.swift */ = {isa = PBXFileReference; lastKnownFileType = sourcecode.swift; path = MonitorViewController.swift; sourceTree = "<group>"; };
		D63F32EA2206CDEE00B719AA /* WatchlistPresenter.swift */ = {isa = PBXFileReference; lastKnownFileType = sourcecode.swift; path = WatchlistPresenter.swift; sourceTree = "<group>"; };
		D66349C022071F1B009EF321 /* PortfolioPresenter.swift */ = {isa = PBXFileReference; lastKnownFileType = sourcecode.swift; path = PortfolioPresenter.swift; sourceTree = "<group>"; };
		D66349C222072127009EF321 /* Portfolio.swift */ = {isa = PBXFileReference; lastKnownFileType = sourcecode.swift; path = Portfolio.swift; sourceTree = "<group>"; };
		D683DBA021F84C0A0091B4ED /* XStockDBModel.xcdatamodel */ = {isa = PBXFileReference; lastKnownFileType = wrapper.xcdatamodel; path = XStockDBModel.xcdatamodel; sourceTree = "<group>"; };
		D6BDDBD8221195A600D324BF /* UtilityHelper.swift */ = {isa = PBXFileReference; lastKnownFileType = sourcecode.swift; path = UtilityHelper.swift; sourceTree = "<group>"; };
		D6C64D84220847CB00FDB013 /* PortfolioViewController.swift */ = {isa = PBXFileReference; lastKnownFileType = sourcecode.swift; path = PortfolioViewController.swift; sourceTree = "<group>"; };
		D6D1518522157ED000D9EFC3 /* CognitoConfig.plist */ = {isa = PBXFileReference; lastKnownFileType = text.plist.xml; path = CognitoConfig.plist; sourceTree = "<group>"; };
		D6DB35D32214302100B67072 /* LoginViewController.swift */ = {isa = PBXFileReference; lastKnownFileType = sourcecode.swift; path = LoginViewController.swift; sourceTree = "<group>"; };
		D6DB35D522143E0700B67072 /* UserAccess.swift */ = {isa = PBXFileReference; lastKnownFileType = sourcecode.swift; path = UserAccess.swift; sourceTree = "<group>"; };
		DD7D4F9CB0997D575D059F80 /* Pods_StockWatcher.framework */ = {isa = PBXFileReference; explicitFileType = wrapper.framework; includeInIndex = 0; path = Pods_StockWatcher.framework; sourceTree = BUILT_PRODUCTS_DIR; };
/* End PBXFileReference section */

/* Begin PBXFrameworksBuildPhase section */
		171E0C771B8E5B84001E6242 /* Frameworks */ = {
			isa = PBXFrameworksBuildPhase;
			buildActionMask = 2147483647;
			files = (
				429BFC6A3BCCCD606C2BEC0E /* Pods_StockWatcher.framework in Frameworks */,
			);
			runOnlyForDeploymentPostprocessing = 0;
		};
/* End PBXFrameworksBuildPhase section */

/* Begin PBXGroup section */
		0FE55E4D6FE1B72AE83BDEF5 /* Frameworks */ = {
			isa = PBXGroup;
			children = (
				DD7D4F9CB0997D575D059F80 /* Pods_StockWatcher.framework */,
			);
			name = Frameworks;
			sourceTree = "<group>";
		};
		171E0C711B8E5B84001E6242 = {
			isa = PBXGroup;
			children = (
				D683DB9F21F84C0A0091B4ED /* XStockDBModel.xcdatamodeld */,
				171E0C7C1B8E5B84001E6242 /* StockWatcher */,
				171E0C7B1B8E5B84001E6242 /* Products */,
				B1E5791CDAC507728322A372 /* Pods */,
				0FE55E4D6FE1B72AE83BDEF5 /* Frameworks */,
			);
			sourceTree = "<group>";
		};
		171E0C7B1B8E5B84001E6242 /* Products */ = {
			isa = PBXGroup;
			children = (
				171E0C7A1B8E5B84001E6242 /* StockWatcher.app */,
			);
			name = Products;
			sourceTree = "<group>";
		};
		171E0C7C1B8E5B84001E6242 /* StockWatcher */ = {
			isa = PBXGroup;
			children = (
				D6D1518422157EAA00D9EFC3 /* Configuration */,
				D6BDDBD72211958D00D324BF /* Utilities */,
				D63F32ED22071AD600B719AA /* DataPersistence */,
				D63F32EC220702B300B719AA /* Model */,
				D63F32E92206CDB300B719AA /* Presenter */,
				171E0C7D1B8E5B84001E6242 /* AppDelegate.swift */,
				D6C64D84220847CB00FDB013 /* PortfolioViewController.swift */,
				45D31C6E1EB28E8F000A3BE1 /* CandyTheme.swift */,
				171E0C7F1B8E5B84001E6242 /* MasterViewController.swift */,
				452C6F7A1E9BDA75003A4C50 /* SearchFooter.swift */,
				171E0C811B8E5B84001E6242 /* DetailViewController.swift */,
				D627599321F9992800E8A527 /* MonitorViewController.swift */,
				171E0C831B8E5B84001E6242 /* Main.storyboard */,
				171E0C861B8E5B84001E6242 /* Assets.xcassets */,
				171E0C881B8E5B84001E6242 /* LaunchScreen.storyboard */,
				171E0C8B1B8E5B84001E6242 /* Info.plist */,
				D6D1518522157ED000D9EFC3 /* CognitoConfig.plist */,
				D6DB35D32214302100B67072 /* LoginViewController.swift */,
			);
			path = StockWatcher;
			sourceTree = "<group>";
		};
		B1E5791CDAC507728322A372 /* Pods */ = {
			isa = PBXGroup;
			children = (
				93078F7B47F96F477AA8E81C /* Pods-StockWatcher.debug.xcconfig */,
				B7C839FAB9C452EDFEB51F15 /* Pods-StockWatcher.release.xcconfig */,
			);
			name = Pods;
			sourceTree = "<group>";
		};
		D63F32E92206CDB300B719AA /* Presenter */ = {
			isa = PBXGroup;
			children = (
				D63F32EA2206CDEE00B719AA /* WatchlistPresenter.swift */,
				D66349C022071F1B009EF321 /* PortfolioPresenter.swift */,
			);
			path = Presenter;
			sourceTree = "<group>";
		};
		D63F32EC220702B300B719AA /* Model */ = {
			isa = PBXGroup;
			children = (
				171E0CAD1B8E5C58001E6242 /* Candy.swift */,
				D66349C222072127009EF321 /* Portfolio.swift */,
				D6DB35D522143E0700B67072 /* UserAccess.swift */,
			);
			path = Model;
			sourceTree = "<group>";
		};
		D63F32ED22071AD600B719AA /* DataPersistence */ = {
			isa = PBXGroup;
			children = (
			);
			path = DataPersistence;
			sourceTree = "<group>";
		};
		D6BDDBD72211958D00D324BF /* Utilities */ = {
			isa = PBXGroup;
			children = (
				D6BDDBD8221195A600D324BF /* UtilityHelper.swift */,
			);
			path = Utilities;
			sourceTree = "<group>";
		};
		D6D1518422157EAA00D9EFC3 /* Configuration */ = {
			isa = PBXGroup;
			children = (
			);
			path = Configuration;
			sourceTree = "<group>";
		};
/* End PBXGroup section */

/* Begin PBXNativeTarget section */
		171E0C791B8E5B84001E6242 /* StockWatcher */ = {
			isa = PBXNativeTarget;
			buildConfigurationList = 171E0CA41B8E5B84001E6242 /* Build configuration list for PBXNativeTarget "StockWatcher" */;
			buildPhases = (
				C2AD8324ADCE1574DC51262E /* [CP] Check Pods Manifest.lock */,
				171E0C761B8E5B84001E6242 /* Sources */,
				171E0C771B8E5B84001E6242 /* Frameworks */,
				171E0C781B8E5B84001E6242 /* Resources */,
				DD2E66ACC2A481E89B9DF9C2 /* [CP] Embed Pods Frameworks */,
				8A1A4D666099A5F462D7E6DE /* [CP] Copy Pods Resources */,
			);
			buildRules = (
			);
			dependencies = (
			);
			name = StockWatcher;
			productName = CandySearch;
			productReference = 171E0C7A1B8E5B84001E6242 /* StockWatcher.app */;
			productType = "com.apple.product-type.application";
		};
/* End PBXNativeTarget section */

/* Begin PBXProject section */
		171E0C721B8E5B84001E6242 /* Project object */ = {
			isa = PBXProject;
			attributes = {
				LastUpgradeCheck = 0900;
				ORGANIZATIONNAME = "Loey Agdan";
				TargetAttributes = {
					171E0C791B8E5B84001E6242 = {
						CreatedOnToolsVersion = 7.0;
						DevelopmentTeam = 84QZTGCEL5;
						LastSwiftMigration = 0900;
					};
				};
			};
			buildConfigurationList = 171E0C751B8E5B84001E6242 /* Build configuration list for PBXProject "StockWatcher" */;
			compatibilityVersion = "Xcode 3.2";
			developmentRegion = English;
			hasScannedForEncodings = 0;
			knownRegions = (
				en,
				Base,
			);
			mainGroup = 171E0C711B8E5B84001E6242;
			productRefGroup = 171E0C7B1B8E5B84001E6242 /* Products */;
			projectDirPath = "";
			projectRoot = "";
			targets = (
				171E0C791B8E5B84001E6242 /* StockWatcher */,
			);
		};
/* End PBXProject section */

/* Begin PBXResourcesBuildPhase section */
		171E0C781B8E5B84001E6242 /* Resources */ = {
			isa = PBXResourcesBuildPhase;
			buildActionMask = 2147483647;
			files = (
				171E0C8A1B8E5B84001E6242 /* LaunchScreen.storyboard in Resources */,
				171E0C871B8E5B84001E6242 /* Assets.xcassets in Resources */,
				D6D1518622157ED000D9EFC3 /* CognitoConfig.plist in Resources */,
				171E0C851B8E5B84001E6242 /* Main.storyboard in Resources */,
			);
			runOnlyForDeploymentPostprocessing = 0;
		};
/* End PBXResourcesBuildPhase section */

/* Begin PBXShellScriptBuildPhase section */
		8A1A4D666099A5F462D7E6DE /* [CP] Copy Pods Resources */ = {
			isa = PBXShellScriptBuildPhase;
			buildActionMask = 2147483647;
			files = (
			);
			inputPaths = (
			);
			name = "[CP] Copy Pods Resources";
			outputPaths = (
			);
			runOnlyForDeploymentPostprocessing = 0;
			shellPath = /bin/sh;
			shellScript = "\"${SRCROOT}/Pods/Target Support Files/Pods-StockWatcher/Pods-StockWatcher-resources.sh\"\n";
			showEnvVarsInLog = 0;
		};
		C2AD8324ADCE1574DC51262E /* [CP] Check Pods Manifest.lock */ = {
			isa = PBXShellScriptBuildPhase;
			buildActionMask = 2147483647;
			files = (
			);
			inputPaths = (
				"${PODS_PODFILE_DIR_PATH}/Podfile.lock",
				"${PODS_ROOT}/Manifest.lock",
			);
			name = "[CP] Check Pods Manifest.lock";
			outputPaths = (
				"$(DERIVED_FILE_DIR)/Pods-StockWatcher-checkManifestLockResult.txt",
			);
			runOnlyForDeploymentPostprocessing = 0;
			shellPath = /bin/sh;
			shellScript = "diff \"${PODS_PODFILE_DIR_PATH}/Podfile.lock\" \"${PODS_ROOT}/Manifest.lock\" > /dev/null\nif [ $? != 0 ] ; then\n    # print error to STDERR\n    echo \"error: The sandbox is not in sync with the Podfile.lock. Run 'pod install' or update your CocoaPods installation.\" >&2\n    exit 1\nfi\n# This output is used by Xcode 'outputs' to avoid re-running this script phase.\necho \"SUCCESS\" > \"${SCRIPT_OUTPUT_FILE_0}\"\n";
			showEnvVarsInLog = 0;
		};
		DD2E66ACC2A481E89B9DF9C2 /* [CP] Embed Pods Frameworks */ = {
			isa = PBXShellScriptBuildPhase;
			buildActionMask = 2147483647;
			files = (
			);
			inputPaths = (
				"${SRCROOT}/Pods/Target Support Files/Pods-StockWatcher/Pods-StockWatcher-frameworks.sh",
				"${BUILT_PRODUCTS_DIR}/AWSCognito/AWSCognito.framework",
				"${BUILT_PRODUCTS_DIR}/AWSCognitoIdentityProvider/AWSCognitoIdentityProvider.framework",
				"${BUILT_PRODUCTS_DIR}/AWSCognitoIdentityProviderASF/AWSCognitoIdentityProviderASF.framework",
				"${BUILT_PRODUCTS_DIR}/AWSCore/AWSCore.framework",
			);
			name = "[CP] Embed Pods Frameworks";
			outputPaths = (
				"${TARGET_BUILD_DIR}/${FRAMEWORKS_FOLDER_PATH}/AWSCognito.framework",
				"${TARGET_BUILD_DIR}/${FRAMEWORKS_FOLDER_PATH}/AWSCognitoIdentityProvider.framework",
				"${TARGET_BUILD_DIR}/${FRAMEWORKS_FOLDER_PATH}/AWSCognitoIdentityProviderASF.framework",
				"${TARGET_BUILD_DIR}/${FRAMEWORKS_FOLDER_PATH}/AWSCore.framework",
			);
			runOnlyForDeploymentPostprocessing = 0;
			shellPath = /bin/sh;
			shellScript = "\"${SRCROOT}/Pods/Target Support Files/Pods-StockWatcher/Pods-StockWatcher-frameworks.sh\"\n";
			showEnvVarsInLog = 0;
		};
/* End PBXShellScriptBuildPhase section */

/* Begin PBXSourcesBuildPhase section */
		171E0C761B8E5B84001E6242 /* Sources */ = {
			isa = PBXSourcesBuildPhase;
			buildActionMask = 2147483647;
			files = (
				D6DB35D42214302100B67072 /* LoginViewController.swift in Sources */,
				452C6F7B1E9BDA75003A4C50 /* SearchFooter.swift in Sources */,
				D6C64D85220847CB00FDB013 /* PortfolioViewController.swift in Sources */,
				45D31C6F1EB28E8F000A3BE1 /* CandyTheme.swift in Sources */,
				171E0C821B8E5B84001E6242 /* DetailViewController.swift in Sources */,
				171E0CAE1B8E5C58001E6242 /* Candy.swift in Sources */,
				171E0C801B8E5B84001E6242 /* MasterViewController.swift in Sources */,
				D627599421F9992800E8A527 /* MonitorViewController.swift in Sources */,
				D6DB35D622143E0700B67072 /* UserAccess.swift in Sources */,
				D6BDDBD9221195A600D324BF /* UtilityHelper.swift in Sources */,
				D66349C322072127009EF321 /* Portfolio.swift in Sources */,
				D63F32EB2206CDEE00B719AA /* WatchlistPresenter.swift in Sources */,
				D683DBA121F84C0A0091B4ED /* XStockDBModel.xcdatamodeld in Sources */,
				171E0C7E1B8E5B84001E6242 /* AppDelegate.swift in Sources */,
				D66349C122071F1B009EF321 /* PortfolioPresenter.swift in Sources */,
			);
			runOnlyForDeploymentPostprocessing = 0;
		};
/* End PBXSourcesBuildPhase section */

/* Begin PBXVariantGroup section */
		171E0C831B8E5B84001E6242 /* Main.storyboard */ = {
			isa = PBXVariantGroup;
			children = (
				171E0C841B8E5B84001E6242 /* Base */,
			);
			name = Main.storyboard;
			sourceTree = "<group>";
		};
		171E0C881B8E5B84001E6242 /* LaunchScreen.storyboard */ = {
			isa = PBXVariantGroup;
			children = (
				171E0C891B8E5B84001E6242 /* Base */,
			);
			name = LaunchScreen.storyboard;
			sourceTree = "<group>";
		};
/* End PBXVariantGroup section */

/* Begin XCBuildConfiguration section */
		171E0CA21B8E5B84001E6242 /* Debug */ = {
			isa = XCBuildConfiguration;
			buildSettings = {
				ALWAYS_SEARCH_USER_PATHS = NO;
				CLANG_CXX_LANGUAGE_STANDARD = "gnu++0x";
				CLANG_CXX_LIBRARY = "libc++";
				CLANG_ENABLE_MODULES = YES;
				CLANG_ENABLE_OBJC_ARC = YES;
				CLANG_WARN_BLOCK_CAPTURE_AUTORELEASING = YES;
				CLANG_WARN_BOOL_CONVERSION = YES;
				CLANG_WARN_COMMA = YES;
				CLANG_WARN_CONSTANT_CONVERSION = YES;
				CLANG_WARN_DIRECT_OBJC_ISA_USAGE = YES_ERROR;
				CLANG_WARN_EMPTY_BODY = YES;
				CLANG_WARN_ENUM_CONVERSION = YES;
				CLANG_WARN_INFINITE_RECURSION = YES;
				CLANG_WARN_INT_CONVERSION = YES;
				CLANG_WARN_NON_LITERAL_NULL_CONVERSION = YES;
				CLANG_WARN_OBJC_LITERAL_CONVERSION = YES;
				CLANG_WARN_OBJC_ROOT_CLASS = YES_ERROR;
				CLANG_WARN_RANGE_LOOP_ANALYSIS = YES;
				CLANG_WARN_STRICT_PROTOTYPES = YES;
				CLANG_WARN_SUSPICIOUS_MOVE = YES;
				CLANG_WARN_UNREACHABLE_CODE = YES;
				CLANG_WARN__DUPLICATE_METHOD_MATCH = YES;
				"CODE_SIGN_IDENTITY[sdk=iphoneos*]" = "iPhone Developer";
				COPY_PHASE_STRIP = NO;
				DEBUG_INFORMATION_FORMAT = dwarf;
				ENABLE_STRICT_OBJC_MSGSEND = YES;
				ENABLE_TESTABILITY = YES;
				GCC_C_LANGUAGE_STANDARD = gnu99;
				GCC_DYNAMIC_NO_PIC = NO;
				GCC_NO_COMMON_BLOCKS = YES;
				GCC_OPTIMIZATION_LEVEL = 0;
				GCC_PREPROCESSOR_DEFINITIONS = (
					"DEBUG=1",
					"$(inherited)",
				);
				GCC_WARN_64_TO_32_BIT_CONVERSION = YES;
				GCC_WARN_ABOUT_RETURN_TYPE = YES_ERROR;
				GCC_WARN_UNDECLARED_SELECTOR = YES;
				GCC_WARN_UNINITIALIZED_AUTOS = YES_AGGRESSIVE;
				GCC_WARN_UNUSED_FUNCTION = YES;
				GCC_WARN_UNUSED_VARIABLE = YES;
				IPHONEOS_DEPLOYMENT_TARGET = 11.0;
				MTL_ENABLE_DEBUG_INFO = YES;
				ONLY_ACTIVE_ARCH = YES;
				SDKROOT = iphoneos;
				SWIFT_OPTIMIZATION_LEVEL = "-Onone";
				SWIFT_SWIFT3_OBJC_INFERENCE = Off;
				TARGETED_DEVICE_FAMILY = "1,2";
			};
			name = Debug;
		};
		171E0CA31B8E5B84001E6242 /* Release */ = {
			isa = XCBuildConfiguration;
			buildSettings = {
				ALWAYS_SEARCH_USER_PATHS = NO;
				CLANG_CXX_LANGUAGE_STANDARD = "gnu++0x";
				CLANG_CXX_LIBRARY = "libc++";
				CLANG_ENABLE_MODULES = YES;
				CLANG_ENABLE_OBJC_ARC = YES;
				CLANG_WARN_BLOCK_CAPTURE_AUTORELEASING = YES;
				CLANG_WARN_BOOL_CONVERSION = YES;
				CLANG_WARN_COMMA = YES;
				CLANG_WARN_CONSTANT_CONVERSION = YES;
				CLANG_WARN_DIRECT_OBJC_ISA_USAGE = YES_ERROR;
				CLANG_WARN_EMPTY_BODY = YES;
				CLANG_WARN_ENUM_CONVERSION = YES;
				CLANG_WARN_INFINITE_RECURSION = YES;
				CLANG_WARN_INT_CONVERSION = YES;
				CLANG_WARN_NON_LITERAL_NULL_CONVERSION = YES;
				CLANG_WARN_OBJC_LITERAL_CONVERSION = YES;
				CLANG_WARN_OBJC_ROOT_CLASS = YES_ERROR;
				CLANG_WARN_RANGE_LOOP_ANALYSIS = YES;
				CLANG_WARN_STRICT_PROTOTYPES = YES;
				CLANG_WARN_SUSPICIOUS_MOVE = YES;
				CLANG_WARN_UNREACHABLE_CODE = YES;
				CLANG_WARN__DUPLICATE_METHOD_MATCH = YES;
				"CODE_SIGN_IDENTITY[sdk=iphoneos*]" = "iPhone Developer";
				COPY_PHASE_STRIP = NO;
				DEBUG_INFORMATION_FORMAT = "dwarf-with-dsym";
				ENABLE_NS_ASSERTIONS = NO;
				ENABLE_STRICT_OBJC_MSGSEND = YES;
				GCC_C_LANGUAGE_STANDARD = gnu99;
				GCC_NO_COMMON_BLOCKS = YES;
				GCC_WARN_64_TO_32_BIT_CONVERSION = YES;
				GCC_WARN_ABOUT_RETURN_TYPE = YES_ERROR;
				GCC_WARN_UNDECLARED_SELECTOR = YES;
				GCC_WARN_UNINITIALIZED_AUTOS = YES_AGGRESSIVE;
				GCC_WARN_UNUSED_FUNCTION = YES;
				GCC_WARN_UNUSED_VARIABLE = YES;
				IPHONEOS_DEPLOYMENT_TARGET = 11.0;
				MTL_ENABLE_DEBUG_INFO = NO;
				SDKROOT = iphoneos;
				SWIFT_OPTIMIZATION_LEVEL = "-Owholemodule";
				SWIFT_SWIFT3_OBJC_INFERENCE = Off;
				TARGETED_DEVICE_FAMILY = "1,2";
				VALIDATE_PRODUCT = YES;
			};
			name = Release;
		};
		171E0CA51B8E5B84001E6242 /* Debug */ = {
			isa = XCBuildConfiguration;
			baseConfigurationReference = 93078F7B47F96F477AA8E81C /* Pods-StockWatcher.debug.xcconfig */;
			buildSettings = {
				ASSETCATALOG_COMPILER_APPICON_NAME = AppIcon;
				DEVELOPMENT_TEAM = 84QZTGCEL5;
				INFOPLIST_FILE = "$(SRCROOT)/StockWatcher/Info.plist";
				LD_RUNPATH_SEARCH_PATHS = "$(inherited) @executable_path/Frameworks";
				PRODUCT_BUNDLE_IDENTIFIER = com.stockwatcher.pse;
				PRODUCT_NAME = "$(TARGET_NAME)";
				SWIFT_SWIFT3_OBJC_INFERENCE = Off;
				SWIFT_VERSION = 4.0;
			};
			name = Debug;
		};
		171E0CA61B8E5B84001E6242 /* Release */ = {
			isa = XCBuildConfiguration;
			baseConfigurationReference = B7C839FAB9C452EDFEB51F15 /* Pods-StockWatcher.release.xcconfig */;
			buildSettings = {
				ASSETCATALOG_COMPILER_APPICON_NAME = AppIcon;
				DEVELOPMENT_TEAM = 84QZTGCEL5;
				INFOPLIST_FILE = "$(SRCROOT)/StockWatcher/Info.plist";
				LD_RUNPATH_SEARCH_PATHS = "$(inherited) @executable_path/Frameworks";
				PRODUCT_BUNDLE_IDENTIFIER = com.stockwatcher.pse;
				PRODUCT_NAME = "$(TARGET_NAME)";
				SWIFT_SWIFT3_OBJC_INFERENCE = Off;
				SWIFT_VERSION = 4.0;
			};
			name = Release;
		};
/* End XCBuildConfiguration section */

/* Begin XCConfigurationList section */
		171E0C751B8E5B84001E6242 /* Build configuration list for PBXProject "StockWatcher" */ = {
			isa = XCConfigurationList;
			buildConfigurations = (
				171E0CA21B8E5B84001E6242 /* Debug */,
				171E0CA31B8E5B84001E6242 /* Release */,
			);
			defaultConfigurationIsVisible = 0;
			defaultConfigurationName = Release;
		};
		171E0CA41B8E5B84001E6242 /* Build configuration list for PBXNativeTarget "StockWatcher" */ = {
			isa = XCConfigurationList;
			buildConfigurations = (
				171E0CA51B8E5B84001E6242 /* Debug */,
				171E0CA61B8E5B84001E6242 /* Release */,
			);
			defaultConfigurationIsVisible = 0;
			defaultConfigurationName = Release;
		};
/* End XCConfigurationList section */

/* Begin XCVersionGroup section */
		D683DB9F21F84C0A0091B4ED /* XStockDBModel.xcdatamodeld */ = {
			isa = XCVersionGroup;
			children = (
				D683DBA021F84C0A0091B4ED /* XStockDBModel.xcdatamodel */,
			);
			currentVersion = D683DBA021F84C0A0091B4ED /* XStockDBModel.xcdatamodel */;
			path = XStockDBModel.xcdatamodeld;
			sourceTree = "<group>";
			versionGroupType = wrapper.xcdatamodel;
		};
/* End XCVersionGroup section */
	};
	rootObject = 171E0C721B8E5B84001E6242 /* Project object */;
}
